<?xml version="1.0" encoding="utf-8"?>
<Project ToolsVersion="4.0" xmlns="http://schemas.microsoft.com/developer/msbuild/2003">
  <ItemGroup>
    <Filter Include="Source Files">
      <UniqueIdentifier>{4FC737F1-C7A5-4376-A066-2A32D752A2FF}</UniqueIdentifier>
      <Extensions>cpp;c;cc;cxx;c++;cppm;ixx;def;odl;idl;hpj;bat;asm;asmx</Extensions>
    </Filter>
    <Filter Include="Header Files">
      <UniqueIdentifier>{93995380-89BD-4b04-88EB-625FBE52EBFB}</UniqueIdentifier>
      <Extensions>h;hh;hpp;hxx;h++;hm;inl;inc;ipp;xsd</Extensions>
    </Filter>
    <Filter Include="Resource Files">
      <UniqueIdentifier>{67DA6AB6-F800-4c08-8B7A-83BB121AAD01}</UniqueIdentifier>
      <Extensions>rc;ico;cur;bmp;dlg;rc2;rct;bin;rgs;gif;jpg;jpeg;jpe;resx;tiff;tif;png;wav;mfcribbon-ms</Extensions>
    </Filter>
    <Filter Include="Header Files\GZCOM">
      <UniqueIdentifier>{26fdacbe-515e-45a1-a7e1-a6bfa6a8beee}</UniqueIdentifier>
    </Filter>
    <Filter Include="Source Files\GZCOM">
      <UniqueIdentifier>{a1d48510-3503-4ffe-8157-db6c1b6d7506}</UniqueIdentifier>
    </Filter>
    <Filter Include="Source Files\EASTL">
      <UniqueIdentifier>{d16d7931-a8d1-426c-b2aa-61aee3528234}</UniqueIdentifier>
    </Filter>
  </ItemGroup>
  <ItemGroup>
    <ClCompile Include="RegionCensusDllDirector.cpp">
      <Filter>Source Files</Filter>
    </ClCompile>
    <ClCompile Include="..\vendor\gzcom-dll\src\cRZBaseString.cpp">
      <Filter>Source Files\GZCOM</Filter>
    </ClCompile>
    <ClCompile Include="..\vendor\gzcom-dll\src\cRZBaseVariant.cpp">
      <Filter>Source Files\GZCOM</Filter>
    </ClCompile>
    <ClCompile Include="..\vendor\gzcom-dll\src\cRZCOMDllDirector.cpp">
      <Filter>Source Files\GZCOM</Filter>
    </ClCompile>
    <ClCompile Include="..\vendor\gzcom-dll\src\cRZMessage2.cpp">
      <Filter>Source Files\GZCOM</Filter>
    </ClCompile>
    <ClCompile Include="..\vendor\gzcom-dll\src\cRZMessage2Standard.cpp">
      <Filter>Source Files\GZCOM</Filter>
    </ClCompile>
    <ClCompile Include="..\vendor\gzcom-dll\src\cS3DVector3.cpp">
      <Filter>Source Files\GZCOM</Filter>
    </ClCompile>
    <ClCompile Include="..\vendor\gzcom-dll\src\cSCBaseProperty.cpp">
      <Filter>Source Files\GZCOM</Filter>
    </ClCompile>
    <ClCompile Include="..\vendor\gzcom-dll\src\EASTLAllocatorSC4.cpp">
      <Filter>Source Files\GZCOM</Filter>
    </ClCompile>
    <ClCompile Include="..\vendor\gzcom-dll\src\SC4UI.cpp">
      <Filter>Source Files\GZCOM</Filter>
    </ClCompile>
    <ClCompile Include="..\vendor\gzcom-dll\src\StringResourceManager.cpp">
      <Filter>Source Files\GZCOM</Filter>
    </ClCompile>
    <ClCompile Include="Logger.cpp">
      <Filter>Source Files</Filter>
    </ClCompile>
    <ClCompile Include="RegionCensusWin.cpp">
      <Filter>Source Files</Filter>
    </ClCompile>
    <ClCompile Include="..\vendor\gzcom-dll\src\cRZBaseWinProc.cpp">
      <Filter>Source Files\GZCOM</Filter>
    </ClCompile>
    <ClCompile Include="..\vendor\EASTL\source\assert.cpp">
      <Filter>Source Files\EASTL</Filter>
    </ClCompile>
    <ClCompile Include="..\vendor\EASTL\source\atomic.cpp">
      <Filter>Source Files\EASTL</Filter>
    </ClCompile>
    <ClCompile Include="..\vendor\EASTL\source\fixed_pool.cpp">
      <Filter>Source Files\EASTL</Filter>
    </ClCompile>
    <ClCompile Include="..\vendor\EASTL\source\hashtable.cpp">
      <Filter>Source Files\EASTL</Filter>
    </ClCompile>
    <ClCompile Include="..\vendor\EASTL\source\intrusive_list.cpp">
      <Filter>Source Files\EASTL</Filter>
    </ClCompile>
    <ClCompile Include="..\vendor\EASTL\source\numeric_limits.cpp">
      <Filter>Source Files\EASTL</Filter>
    </ClCompile>
    <ClCompile Include="..\vendor\EASTL\source\red_black_tree.cpp">
      <Filter>Source Files\EASTL</Filter>
    </ClCompile>
    <ClCompile Include="..\vendor\EASTL\source\string.cpp">
      <Filter>Source Files\EASTL</Filter>
    </ClCompile>
    <ClCompile Include="..\vendor\EASTL\source\thread_support.cpp">
      <Filter>Source Files\EASTL</Filter>
    </ClCompile>
    <ClCompile Include="RegionCensusWinManager.cpp">
      <Filter>Source Files</Filter>
    </ClCompile>
    <ClCompile Include="RegionCensusDataProvider.cpp">
      <Filter>Source Files</Filter>
    </ClCompile>
    <ClCompile Include="CityDataCSVWriter.cpp">
      <Filter>Source Files</Filter>
    </ClCompile>
    <ClCompile Include="RegionalCityData.cpp">
      <Filter>Source Files</Filter>
    </ClCompile>
    <ClCompile Include="FileSystem.cpp">
      <Filter>Source Files</Filter>
    </ClCompile>
    <ClCompile Include="DataExport.cpp">
      <Filter>Source Files</Filter>
    </ClCompile>
    <ClCompile Include="StringEncoding.cpp">
      <Filter>Source Files</Filter>
    </ClCompile>
    <ClCompile Include="SC4NotificationDialog.cpp">
      <Filter>Source Files</Filter>
    </ClCompile>
    <ClCompile Include="SC4VersionDetection.cpp">
      <Filter>Source Files</Filter>
    </ClCompile>
  </ItemGroup>
  <ItemGroup>
    <ClInclude Include="..\vendor\gzcom-dll\include\cGZMessage.h">
      <Filter>Header Files\GZCOM</Filter>
    </ClInclude>
    <ClInclude Include="..\vendor\gzcom-dll\include\cIGZMessageServer2.h">
      <Filter>Header Files\GZCOM</Filter>
    </ClInclude>
    <ClInclude Include="..\vendor\gzcom-dll\include\cISC4Region.h">
      <Filter>Header Files\GZCOM</Filter>
    </ClInclude>
    <ClInclude Include="..\vendor\gzcom-dll\include\cISC4RegionalCity.h">
      <Filter>Header Files\GZCOM</Filter>
    </ClInclude>
    <ClInclude Include="..\vendor\gzcom-dll\include\cRZMessage2COMDirector.h">
      <Filter>Header Files\GZCOM</Filter>
    </ClInclude>
    <ClInclude Include="..\vendor\gzcom-dll\include\EASTLConfigSC4.h">
      <Filter>Header Files\GZCOM</Filter>
    </ClInclude>
    <ClInclude Include="..\vendor\gzcom-dll\include\cIGZWin.h">
      <Filter>Header Files\GZCOM</Filter>
    </ClInclude>
    <ClInclude Include="..\vendor\gzcom-dll\include\cIGZWinGen.h">
      <Filter>Header Files\GZCOM</Filter>
    </ClInclude>
    <ClInclude Include="..\vendor\gzcom-dll\include\cIGZWinProc.h">
      <Filter>Header Files\GZCOM</Filter>
    </ClInclude>
    <ClInclude Include="Logger.h">
      <Filter>Header Files</Filter>
    </ClInclude>
    <ClInclude Include="version.h">
      <Filter>Header Files</Filter>
    </ClInclude>
    <ClInclude Include="resource.h">
      <Filter>Header Files</Filter>
    </ClInclude>
    <ClInclude Include="RegionCensusWin.h">
      <Filter>Header Files</Filter>
    </ClInclude>
    <ClInclude Include="..\vendor\gzcom-dll\include\cRZBaseWinProc.h">
      <Filter>Header Files\GZCOM</Filter>
    </ClInclude>
    <ClInclude Include="..\vendor\gzcom-dll\include\cIGZLanguageManager.h">
      <Filter>Header Files\GZCOM</Filter>
    </ClInclude>
    <ClInclude Include="..\vendor\gzcom-dll\include\cIGZLanguageUtility.h">
      <Filter>Header Files\GZCOM</Filter>
    </ClInclude>
    <ClInclude Include="..\vendor\gzcom-dll\include\cIGZWinMessageFilter.h">
      <Filter>Header Files\GZCOM</Filter>
    </ClInclude>
    <ClInclude Include="RegionCensusWinManager.h">
      <Filter>Header Files</Filter>
    </ClInclude>
    <ClInclude Include="RegionCensusTotals.h">
      <Filter>Header Files</Filter>
    </ClInclude>
    <ClInclude Include="IRegionCensusDataProvider.h">
      <Filter>Header Files</Filter>
    </ClInclude>
    <ClInclude Include="RegionCensusDataProvider.h">
      <Filter>Header Files</Filter>
    </ClInclude>
    <ClInclude Include="CityDataCSVWriter.h">
      <Filter>Header Files</Filter>
    </ClInclude>
    <ClInclude Include="RegionalCityData.h">
      <Filter>Header Files</Filter>
    </ClInclude>
    <ClInclude Include="..\vendor\gzcom-dll\include\cISC4Nation.h">
      <Filter>Header Files\GZCOM</Filter>
    </ClInclude>
    <ClInclude Include="FileSystem.h">
      <Filter>Header Files</Filter>
    </ClInclude>
    <ClInclude Include="DataExport.h">
      <Filter>Header Files</Filter>
    </ClInclude>
    <ClInclude Include="IRegionCensusWinManager.h">
      <Filter>Header Files</Filter>
    </ClInclude>
    <ClInclude Include="StringEncoding.h">
      <Filter>Header Files</Filter>
    </ClInclude>
    <ClInclude Include="..\vendor\gzcom-dll\include\cRZBaseString.h">
      <Filter>Header Files\GZCOM</Filter>
    </ClInclude>
    <ClInclude Include="SC4NotificationDialog.h">
      <Filter>Header Files</Filter>
    </ClInclude>
    <ClInclude Include="SC4VersionDetection.h">
      <Filter>Header Files</Filter>
    </ClInclude>
    <ClInclude Include="CAuxThunk.h">
      <Filter>Header Files</Filter>
    </ClInclude>
  </ItemGroup>
  <ItemGroup>
    <ResourceCompile Include="version.rc">
      <Filter>Resource Files</Filter>
    </ResourceCompile>
  </ItemGroup>
  <ItemGroup>
    <None Include="packages.config" />
    <None Include=".editorconfig" />
    <None Include="IgnoredWords.dic" />
  </ItemGroup>
  <ItemGroup>
    <Natvis Include="$(MSBuildThisFileDirectory)..\..\natvis\wil.natvis" />
  </ItemGroup>
</Project>